{
  "name": "source-code",
  "version": "1.0.0",
  "lockfileVersion": 1,
  "requires": true,
  "dependencies": {
    "arrify": {
      "version": "3.0.0",
      "resolved": "https://registry.npmjs.org/arrify/-/arrify-3.0.0.tgz",
      "integrity": "sha512-tLkvA81vQG/XqE2mjDkGQHoOINtMHtysSnemrmoGe6PydDPMRbVugqyk4A6V/WDWEfm3l+0d8anA9r8cv/5Jaw=="
    }
  }
}
